
Microsoft Visual Studio Solution File, Format Version 10.00
# Visual Studio 2008
Project("{FAE04EC0-301F-11D3-BF4B-00C04F79EFBC}") = "kirkeapp", "kirkeapp\kirkeapp.csproj", "{A4413383-141A-47A2-A9B7-46E555805A31}"
EndProject
Global
	GlobalSection(SolutionConfigurationPlatforms) = preSolution
		Debug|iPhoneSimulator = Debug|iPhoneSimulator
		Release|iPhoneSimulator = Release|iPhoneSimulator
		Debug|iPhone = Debug|iPhone
		Release|iPhone = Release|iPhone
		Distribution|iPhone = Distribution|iPhone
	EndGlobalSection
	GlobalSection(ProjectConfigurationPlatforms) = postSolution
		{A4413383-141A-47A2-A9B7-46E555805A31}.Debug|iPhone.ActiveCfg = Debug|iPhone
		{A4413383-141A-47A2-A9B7-46E555805A31}.Debug|iPhone.Build.0 = Debug|iPhone
		{A4413383-141A-47A2-A9B7-46E555805A31}.Debug|iPhoneSimulator.ActiveCfg = Debug|iPhoneSimulator
		{A4413383-141A-47A2-A9B7-46E555805A31}.Debug|iPhoneSimulator.Build.0 = Debug|iPhoneSimulator
		{A4413383-141A-47A2-A9B7-46E555805A31}.Distribution|iPhone.ActiveCfg = Distribution|iPhone
		{A4413383-141A-47A2-A9B7-46E555805A31}.Distribution|iPhone.Build.0 = Distribution|iPhone
		{A4413383-141A-47A2-A9B7-46E555805A31}.Release|iPhone.ActiveCfg = Release|iPhone
		{A4413383-141A-47A2-A9B7-46E555805A31}.Release|iPhone.Build.0 = Release|iPhone
		{A4413383-141A-47A2-A9B7-46E555805A31}.Release|iPhoneSimulator.ActiveCfg = Release|iPhoneSimulator
		{A4413383-141A-47A2-A9B7-46E555805A31}.Release|iPhoneSimulator.Build.0 = Release|iPhoneSimulator
	EndGlobalSection
	GlobalSection(MonoDevelopProperties) = preSolution
		StartupItem = kirkeapp\kirkeapp.csproj
	EndGlobalSection
EndGlobal
