
Microsoft Visual Studio Solution File, Format Version 10.00
# Visual Studio 2008
Project("{FAE04EC0-301F-11D3-BF4B-00C04F79EFBC}") = "kirkeapp", "kirkeapp\kirkeapp.csproj", "{A4413383-141A-47A2-A9B7-46E555805A31}"
EndProject
Project("{FAE04EC0-301F-11D3-BF4B-00C04F79EFBC}") = "podio-sharp", "podio-sharp\podio-sharp.csproj", "{E6128ECB-4EC2-4073-9C18-891860DF3290}"
EndProject
Project("{FAE04EC0-301F-11D3-BF4B-00C04F79EFBC}") = "dk.kirkeapp.data", "data\dk.kirkeapp.data.csproj", "{7B85E490-91BF-4088-AD31-F203F4724A57}"
EndProject
Global
	GlobalSection(SolutionConfigurationPlatforms) = preSolution
		Debug|iPhoneSimulator = Debug|iPhoneSimulator
		Release|iPhoneSimulator = Release|iPhoneSimulator
		Debug|iPhone = Debug|iPhone
		Release|iPhone = Release|iPhone
		Distribution|iPhone = Distribution|iPhone
		App Store|iPhone = App Store|iPhone
	EndGlobalSection
	GlobalSection(ProjectConfigurationPlatforms) = postSolution
		{7B85E490-91BF-4088-AD31-F203F4724A57}.App Store|iPhone.ActiveCfg = App Store|iPhone
		{7B85E490-91BF-4088-AD31-F203F4724A57}.App Store|iPhone.Build.0 = App Store|iPhone
		{7B85E490-91BF-4088-AD31-F203F4724A57}.Debug|iPhone.ActiveCfg = Debug|Any CPU
		{7B85E490-91BF-4088-AD31-F203F4724A57}.Debug|iPhone.Build.0 = Debug|Any CPU
		{7B85E490-91BF-4088-AD31-F203F4724A57}.Debug|iPhoneSimulator.ActiveCfg = Debug|Any CPU
		{7B85E490-91BF-4088-AD31-F203F4724A57}.Debug|iPhoneSimulator.Build.0 = Debug|Any CPU
		{7B85E490-91BF-4088-AD31-F203F4724A57}.Distribution|iPhone.ActiveCfg = Release|Any CPU
		{7B85E490-91BF-4088-AD31-F203F4724A57}.Distribution|iPhone.Build.0 = Release|Any CPU
		{7B85E490-91BF-4088-AD31-F203F4724A57}.Release|iPhone.ActiveCfg = Release|Any CPU
		{7B85E490-91BF-4088-AD31-F203F4724A57}.Release|iPhone.Build.0 = Release|Any CPU
		{7B85E490-91BF-4088-AD31-F203F4724A57}.Release|iPhoneSimulator.ActiveCfg = Release|Any CPU
		{7B85E490-91BF-4088-AD31-F203F4724A57}.Release|iPhoneSimulator.Build.0 = Release|Any CPU
		{A4413383-141A-47A2-A9B7-46E555805A31}.App Store|iPhone.ActiveCfg = App Store|iPhone
		{A4413383-141A-47A2-A9B7-46E555805A31}.App Store|iPhone.Build.0 = App Store|iPhone
		{A4413383-141A-47A2-A9B7-46E555805A31}.Debug|iPhone.ActiveCfg = Debug|iPhone
		{A4413383-141A-47A2-A9B7-46E555805A31}.Debug|iPhone.Build.0 = Debug|iPhone
		{A4413383-141A-47A2-A9B7-46E555805A31}.Debug|iPhoneSimulator.ActiveCfg = Debug|iPhoneSimulator
		{A4413383-141A-47A2-A9B7-46E555805A31}.Debug|iPhoneSimulator.Build.0 = Debug|iPhoneSimulator
		{A4413383-141A-47A2-A9B7-46E555805A31}.Distribution|iPhone.ActiveCfg = Distribution|iPhone
		{A4413383-141A-47A2-A9B7-46E555805A31}.Distribution|iPhone.Build.0 = Distribution|iPhone
		{A4413383-141A-47A2-A9B7-46E555805A31}.Release|iPhone.ActiveCfg = Release|iPhone
		{A4413383-141A-47A2-A9B7-46E555805A31}.Release|iPhone.Build.0 = Release|iPhone
		{A4413383-141A-47A2-A9B7-46E555805A31}.Release|iPhoneSimulator.ActiveCfg = Release|iPhoneSimulator
		{A4413383-141A-47A2-A9B7-46E555805A31}.Release|iPhoneSimulator.Build.0 = Release|iPhoneSimulator
		{E6128ECB-4EC2-4073-9C18-891860DF3290}.App Store|iPhone.ActiveCfg = App Store|iPhone
		{E6128ECB-4EC2-4073-9C18-891860DF3290}.App Store|iPhone.Build.0 = App Store|iPhone
		{E6128ECB-4EC2-4073-9C18-891860DF3290}.Debug|iPhone.ActiveCfg = Debug|Any CPU
		{E6128ECB-4EC2-4073-9C18-891860DF3290}.Debug|iPhone.Build.0 = Debug|Any CPU
		{E6128ECB-4EC2-4073-9C18-891860DF3290}.Debug|iPhoneSimulator.ActiveCfg = Debug|Any CPU
		{E6128ECB-4EC2-4073-9C18-891860DF3290}.Debug|iPhoneSimulator.Build.0 = Debug|Any CPU
		{E6128ECB-4EC2-4073-9C18-891860DF3290}.Distribution|iPhone.ActiveCfg = Release|Any CPU
		{E6128ECB-4EC2-4073-9C18-891860DF3290}.Distribution|iPhone.Build.0 = Release|Any CPU
		{E6128ECB-4EC2-4073-9C18-891860DF3290}.Release|iPhone.ActiveCfg = Release|Any CPU
		{E6128ECB-4EC2-4073-9C18-891860DF3290}.Release|iPhone.Build.0 = Release|Any CPU
		{E6128ECB-4EC2-4073-9C18-891860DF3290}.Release|iPhoneSimulator.ActiveCfg = Release|Any CPU
		{E6128ECB-4EC2-4073-9C18-891860DF3290}.Release|iPhoneSimulator.Build.0 = Release|Any CPU
	EndGlobalSection
	GlobalSection(MonoDevelopProperties) = preSolution
		StartupItem = kirkeapp\kirkeapp.csproj
		Policies = $0
		$0.TextStylePolicy = $1
		$1.inheritsSet = null
		$1.scope = text/x-csharp
		$0.CSharpFormattingPolicy = $2
		$2.NamespaceBraceStyle = EndOfLine
		$2.ClassBraceStyle = EndOfLine
		$2.InterfaceBraceStyle = EndOfLine
		$2.StructBraceStyle = EndOfLine
		$2.EnumBraceStyle = EndOfLine
		$2.MethodBraceStyle = EndOfLine
		$2.ConstructorBraceStyle = EndOfLine
		$2.DestructorBraceStyle = EndOfLine
		$2.PlaceElseOnNewLine = True
		$2.PlaceCatchOnNewLine = True
		$2.PlaceFinallyOnNewLine = True
		$2.PlaceWhileOnNewLine = True
		$2.BeforeMethodDeclarationParentheses = False
		$2.BeforeMethodCallParentheses = False
		$2.BeforeConstructorDeclarationParentheses = False
		$2.BeforeIndexerDeclarationBracket = False
		$2.BeforeDelegateDeclarationParentheses = False
		$2.NewParentheses = False
		$2.SpacesBeforeBrackets = False
		$2.inheritsSet = Mono
		$2.inheritsScope = text/x-csharp
		$2.scope = text/x-csharp
		$0.TextStylePolicy = $3
		$3.FileWidth = 120
		$3.TabWidth = 2
		$3.RemoveTrailingWhitespace = True
		$3.inheritsSet = Mono
		$3.inheritsScope = text/plain
		$3.scope = text/plain
		$0.StandardHeader = $4
		$4.Text = 
		$4.IncludeInNewFiles = True
	EndGlobalSection
EndGlobal
